
Microsoft Visual Studio Solution File, Format Version 12.00
# Visual Studio Version 16
VisualStudioVersion = 16.0.31702.278
MinimumVisualStudioVersion = 10.0.40219.1
Project("{FAE04EC0-301F-11D3-BF4B-00C04F79EFBC}") = "Animal", "Animal\Animal.csproj", "{99BA6C06-DF26-45C7-9C8D-6CF890FA77FE}"
EndProject
Global
	GlobalSection(SolutionConfigurationPlatforms) = preSolution
		Debug|Any CPU = Debug|Any CPU
		Release|Any CPU = Release|Any CPU
	EndGlobalSection
	GlobalSection(ProjectConfigurationPlatforms) = postSolution
		{99BA6C06-DF26-45C7-9C8D-6CF890FA77FE}.Debug|Any CPU.ActiveCfg = Debug|Any CPU
		{99BA6C06-DF26-45C7-9C8D-6CF890FA77FE}.Debug|Any CPU.Build.0 = Debug|Any CPU
		{99BA6C06-DF26-45C7-9C8D-6CF890FA77FE}.Release|Any CPU.ActiveCfg = Release|Any CPU
		{99BA6C06-DF26-45C7-9C8D-6CF890FA77FE}.Release|Any CPU.Build.0 = Release|Any CPU
	EndGlobalSection
	GlobalSection(SolutionProperties) = preSolution
		HideSolutionNode = FALSE
	EndGlobalSection
	GlobalSection(ExtensibilityGlobals) = postSolution
		SolutionGuid = {BA2126D8-8CCE-4716-A356-DE09DA61BD7E}
	EndGlobalSection
EndGlobal
